PODS:
  - Alamofire (5.4.4)
  - BigInt (5.2.0)
  - Bugly (2.5.90)
  - CryptoSwift (1.4.2)
  - Differentiator (5.0.0)
  - GRDB.swift (5.7.4):
    - GRDB.swift/standard (= 5.7.4)
  - GRDB.swift/standard (5.7.4)
  - IQKeyboardManagerSwift (6.5.9)
  - Kingfisher (6.3.1)
  - MBProgressHUD (1.2.0)
  - OpenIMSDKiOS (1.0.16)
  - OpenIMUI (0.0.1):
    - Kingfisher (>= 6.0)
    - OpenIMSDKiOS (= 1.0.16)
  - PgyUpdate (1.6)
  - PromiseKit (6.8.5):
    - PromiseKit/CorePromise (= 6.8.5)
    - PromiseKit/Foundation (= 6.8.5)
    - PromiseKit/UIKit (= 6.8.5)
  - PromiseKit/CorePromise (6.8.5)
  - PromiseKit/Foundation (6.8.5):
    - PromiseKit/CorePromise
  - PromiseKit/UIKit (6.8.5):
    - PromiseKit/CorePromise
  - QCloudCore/WithoutMTA (5.8.9)
  - QCloudCOSXML/Slim (5.8.9):
    - QCloudCore/WithoutMTA (= 5.8.9)
  - QMUIKit (4.2.3):
    - QMUIKit/QMUIComponents (= 4.2.3)
    - QMUIKit/QMUICore (= 4.2.3)
    - QMUIKit/QMUILog (= 4.2.3)
    - QMUIKit/QMUIMainFrame (= 4.2.3)
    - QMUIKit/QMUIResources (= 4.2.3)
    - QMUIKit/QMUIWeakObjectContainer (= 4.2.3)
  - QMUIKit/QMUIComponents (4.2.3):
    - QMUIKit/QMUIComponents/NavigationBarTransition (= 4.2.3)
    - QMUIKit/QMUIComponents/QMUIAlertController (= 4.2.3)
    - QMUIKit/QMUIComponents/QMUIAnimation (= 4.2.3)
    - QMUIKit/QMUIComponents/QMUIAppearance (= 4.2.3)
    - QMUIKit/QMUIComponents/QMUIAssetLibrary (= 4.2.3)
    - QMUIKit/QMUIComponents/QMUIBadge (= 4.2.3)
    - QMUIKit/QMUIComponents/QMUIButton (= 4.2.3)
    - QMUIKit/QMUIComponents/QMUICAAnimationExtension (= 4.2.3)
    - QMUIKit/QMUIComponents/QMUICALayerExtension (= 4.2.3)
    - QMUIKit/QMUIComponents/QMUICellHeightCache (= 4.2.3)
    - QMUIKit/QMUIComponents/QMUICellHeightKeyCache (= 4.2.3)
    - QMUIKit/QMUIComponents/QMUICellSizeKeyCache (= 4.2.3)
    - QMUIKit/QMUIComponents/QMUICollectionViewPagingLayout (= 4.2.3)
    - QMUIKit/QMUIComponents/QMUIConsole (= 4.2.3)
    - QMUIKit/QMUIComponents/QMUIDialogViewController (= 4.2.3)
    - QMUIKit/QMUIComponents/QMUIEmotionInputManager (= 4.2.3)
    - QMUIKit/QMUIComponents/QMUIEmotionView (= 4.2.3)
    - QMUIKit/QMUIComponents/QMUIEmptyView (= 4.2.3)
    - QMUIKit/QMUIComponents/QMUIFillButton (= 4.2.3)
    - QMUIKit/QMUIComponents/QMUIFloatLayoutView (= 4.2.3)
    - QMUIKit/QMUIComponents/QMUIGhostButton (= 4.2.3)
    - QMUIKit/QMUIComponents/QMUIGridView (= 4.2.3)
    - QMUIKit/QMUIComponents/QMUIImagePickerLibrary (= 4.2.3)
    - QMUIKit/QMUIComponents/QMUIImagePreviewView (= 4.2.3)
    - QMUIKit/QMUIComponents/QMUIKeyboardManager (= 4.2.3)
    - QMUIKit/QMUIComponents/QMUILabel (= 4.2.3)
    - QMUIKit/QMUIComponents/QMUILinkButton (= 4.2.3)
    - QMUIKit/QMUIComponents/QMUILogManagerViewController (= 4.2.3)
    - QMUIKit/QMUIComponents/QMUILogWithConfigurationSupported (= 4.2.3)
    - QMUIKit/QMUIComponents/QMUIMarqueeLabel (= 4.2.3)
    - QMUIKit/QMUIComponents/QMUIModalPresentationViewController (= 4.2.3)
    - QMUIKit/QMUIComponents/QMUIMoreOperationController (= 4.2.3)
    - QMUIKit/QMUIComponents/QMUIMultipleDelegates (= 4.2.3)
    - QMUIKit/QMUIComponents/QMUINavigationButton (= 4.2.3)
    - QMUIKit/QMUIComponents/QMUINavigationTitleView (= 4.2.3)
    - QMUIKit/QMUIComponents/QMUIOrderedDictionary (= 4.2.3)
    - QMUIKit/QMUIComponents/QMUIPieProgressView (= 4.2.3)
    - QMUIKit/QMUIComponents/QMUIPopupContainerView (= 4.2.3)
    - QMUIKit/QMUIComponents/QMUIPopupMenuView (= 4.2.3)
    - QMUIKit/QMUIComponents/QMUIScrollAnimator (= 4.2.3)
    - QMUIKit/QMUIComponents/QMUISearchBar (= 4.2.3)
    - QMUIKit/QMUIComponents/QMUISearchController (= 4.2.3)
    - QMUIKit/QMUIComponents/QMUISegmentedControl (= 4.2.3)
    - QMUIKit/QMUIComponents/QMUISlider (= 4.2.3)
    - QMUIKit/QMUIComponents/QMUIStaticTableView (= 4.2.3)
    - QMUIKit/QMUIComponents/QMUITableView (= 4.2.3)
    - QMUIKit/QMUIComponents/QMUITableViewCell (= 4.2.3)
    - QMUIKit/QMUIComponents/QMUITableViewHeaderFooterView (= 4.2.3)
    - QMUIKit/QMUIComponents/QMUITableViewProtocols (= 4.2.3)
    - QMUIKit/QMUIComponents/QMUITestView (= 4.2.3)
    - QMUIKit/QMUIComponents/QMUITextField (= 4.2.3)
    - QMUIKit/QMUIComponents/QMUITextView (= 4.2.3)
    - QMUIKit/QMUIComponents/QMUITheme (= 4.2.3)
    - QMUIKit/QMUIComponents/QMUITips (= 4.2.3)
    - QMUIKit/QMUIComponents/QMUIToastView (= 4.2.3)
    - QMUIKit/QMUIComponents/QMUIToolbarButton (= 4.2.3)
    - QMUIKit/QMUIComponents/QMUIVisualEffectView (= 4.2.3)
    - QMUIKit/QMUIComponents/QMUIWindowSizeMonitor (= 4.2.3)
    - QMUIKit/QMUIComponents/QMUIZoomImageView (= 4.2.3)
    - QMUIKit/QMUICore
  - QMUIKit/QMUIComponents/NavigationBarTransition (4.2.3):
    - QMUIKit/QMUIComponents/QMUINavigationTitleView
    - QMUIKit/QMUICore
    - QMUIKit/QMUIMainFrame
  - QMUIKit/QMUIComponents/QMUIAlertController (4.2.3):
    - QMUIKit/QMUIComponents/QMUIAppearance
    - QMUIKit/QMUIComponents/QMUIButton
    - QMUIKit/QMUIComponents/QMUIKeyboardManager
    - QMUIKit/QMUIComponents/QMUIModalPresentationViewController
    - QMUIKit/QMUIComponents/QMUITextField
    - QMUIKit/QMUICore
  - QMUIKit/QMUIComponents/QMUIAnimation (4.2.3):
    - QMUIKit/QMUICore
  - QMUIKit/QMUIComponents/QMUIAppearance (4.2.3):
    - QMUIKit/QMUICore
  - QMUIKit/QMUIComponents/QMUIAssetLibrary (4.2.3):
    - QMUIKit/QMUICore
  - QMUIKit/QMUIComponents/QMUIBadge (4.2.3):
    - QMUIKit/QMUIComponents/QMUILabel
    - QMUIKit/QMUICore
  - QMUIKit/QMUIComponents/QMUIButton (4.2.3):
    - QMUIKit/QMUICore
  - QMUIKit/QMUIComponents/QMUICAAnimationExtension (4.2.3):
    - QMUIKit/QMUIComponents/QMUIMultipleDelegates
    - QMUIKit/QMUICore
  - QMUIKit/QMUIComponents/QMUICALayerExtension (4.2.3):
    - QMUIKit/QMUIComponents/QMUIMultipleDelegates
    - QMUIKit/QMUICore
  - QMUIKit/QMUIComponents/QMUICellHeightCache (4.2.3):
    - QMUIKit/QMUIComponents/QMUITableViewProtocols
    - QMUIKit/QMUICore
  - QMUIKit/QMUIComponents/QMUICellHeightKeyCache (4.2.3):
    - QMUIKit/QMUIComponents/QMUIMultipleDelegates
    - QMUIKit/QMUIComponents/QMUITableViewProtocols
    - QMUIKit/QMUICore
  - QMUIKit/QMUIComponents/QMUICellSizeKeyCache (4.2.3):
    - QMUIKit/QMUIComponents/QMUIMultipleDelegates
    - QMUIKit/QMUICore
  - QMUIKit/QMUIComponents/QMUICollectionViewPagingLayout (4.2.3):
    - QMUIKit/QMUICore
  - QMUIKit/QMUIComponents/QMUIConsole (4.2.3):
    - QMUIKit/QMUIComponents/QMUIButton
    - QMUIKit/QMUIComponents/QMUICAAnimationExtension
    - QMUIKit/QMUIComponents/QMUICellHeightKeyCache
    - QMUIKit/QMUIComponents/QMUIPopupMenuView
    - QMUIKit/QMUIComponents/QMUITableView
    - QMUIKit/QMUIComponents/QMUITableViewCell
    - QMUIKit/QMUIComponents/QMUITextField
    - QMUIKit/QMUIComponents/QMUITextView
    - QMUIKit/QMUICore
    - QMUIKit/QMUIResources
  - QMUIKit/QMUIComponents/QMUIDialogViewController (4.2.3):
    - QMUIKit/QMUIComponents/QMUIAppearance
    - QMUIKit/QMUIComponents/QMUIButton
    - QMUIKit/QMUIComponents/QMUILabel
    - QMUIKit/QMUIComponents/QMUIModalPresentationViewController
    - QMUIKit/QMUIComponents/QMUINavigationTitleView
    - QMUIKit/QMUIComponents/QMUITableView
    - QMUIKit/QMUIComponents/QMUITableViewCell
    - QMUIKit/QMUIComponents/QMUITextField
    - QMUIKit/QMUICore
    - QMUIKit/QMUIMainFrame
  - QMUIKit/QMUIComponents/QMUIEmotionInputManager (4.2.3):
    - QMUIKit/QMUIComponents/QMUIEmotionView
    - QMUIKit/QMUICore
  - QMUIKit/QMUIComponents/QMUIEmotionView (4.2.3):
    - QMUIKit/QMUIComponents/QMUIButton
    - QMUIKit/QMUICore
    - QMUIKit/QMUIResources
  - QMUIKit/QMUIComponents/QMUIEmptyView (4.2.3):
    - QMUIKit/QMUIComponents/QMUIAppearance
    - QMUIKit/QMUIComponents/QMUIButton
    - QMUIKit/QMUICore
  - QMUIKit/QMUIComponents/QMUIFillButton (4.2.3):
    - QMUIKit/QMUIComponents/QMUIButton
    - QMUIKit/QMUICore
  - QMUIKit/QMUIComponents/QMUIFloatLayoutView (4.2.3):
    - QMUIKit/QMUICore
  - QMUIKit/QMUIComponents/QMUIGhostButton (4.2.3):
    - QMUIKit/QMUIComponents/QMUIButton
    - QMUIKit/QMUICore
  - QMUIKit/QMUIComponents/QMUIGridView (4.2.3):
    - QMUIKit/QMUICore
  - QMUIKit/QMUIComponents/QMUIImagePickerLibrary (4.2.3):
    - QMUIKit/QMUIComponents/QMUIAlertController
    - QMUIKit/QMUIComponents/QMUIAppearance
    - QMUIKit/QMUIComponents/QMUIAssetLibrary
    - QMUIKit/QMUIComponents/QMUIButton
    - QMUIKit/QMUIComponents/QMUIEmptyView
    - QMUIKit/QMUIComponents/QMUIImagePreviewView
    - QMUIKit/QMUIComponents/QMUINavigationButton
    - QMUIKit/QMUIComponents/QMUITableViewCell
    - QMUIKit/QMUIComponents/QMUIZoomImageView
    - QMUIKit/QMUICore
    - QMUIKit/QMUIMainFrame
    - QMUIKit/QMUIResources
  - QMUIKit/QMUIComponents/QMUIImagePreviewView (4.2.3):
    - QMUIKit/QMUIComponents/QMUIAppearance
    - QMUIKit/QMUIComponents/QMUIButton
    - QMUIKit/QMUIComponents/QMUICollectionViewPagingLayout
    - QMUIKit/QMUIComponents/QMUIEmptyView
    - QMUIKit/QMUIComponents/QMUIPieProgressView
    - QMUIKit/QMUIComponents/QMUIZoomImageView
    - QMUIKit/QMUICore
    - QMUIKit/QMUIMainFrame
  - QMUIKit/QMUIComponents/QMUIKeyboardManager (4.2.3):
    - QMUIKit/QMUIComponents/QMUIAppearance
    - QMUIKit/QMUICore
  - QMUIKit/QMUIComponents/QMUILabel (4.2.3):
    - QMUIKit/QMUICore
  - QMUIKit/QMUIComponents/QMUILinkButton (4.2.3):
    - QMUIKit/QMUIComponents/QMUIButton
    - QMUIKit/QMUICore
  - QMUIKit/QMUIComponents/QMUILogManagerViewController (4.2.3):
    - QMUIKit/QMUIComponents/QMUIPopupMenuView
    - QMUIKit/QMUIComponents/QMUISearchController
    - QMUIKit/QMUIComponents/QMUIStaticTableView
    - QMUIKit/QMUIComponents/QMUITableView
    - QMUIKit/QMUICore
    - QMUIKit/QMUIMainFrame
  - QMUIKit/QMUIComponents/QMUILogWithConfigurationSupported (4.2.3):
    - QMUIKit/QMUICore
  - QMUIKit/QMUIComponents/QMUIMarqueeLabel (4.2.3):
    - QMUIKit/QMUICore
  - QMUIKit/QMUIComponents/QMUIModalPresentationViewController (4.2.3):
    - QMUIKit/QMUIComponents/QMUIAppearance
    - QMUIKit/QMUIComponents/QMUIKeyboardManager
    - QMUIKit/QMUICore
  - QMUIKit/QMUIComponents/QMUIMoreOperationController (4.2.3):
    - QMUIKit/QMUIComponents/QMUIAppearance
    - QMUIKit/QMUIComponents/QMUIButton
    - QMUIKit/QMUIComponents/QMUIModalPresentationViewController
    - QMUIKit/QMUICore
  - QMUIKit/QMUIComponents/QMUIMultipleDelegates (4.2.3):
    - QMUIKit/QMUICore
  - QMUIKit/QMUIComponents/QMUINavigationButton (4.2.3):
    - QMUIKit/QMUICore
    - QMUIKit/QMUIMainFrame
  - QMUIKit/QMUIComponents/QMUINavigationTitleView (4.2.3):
    - QMUIKit/QMUIComponents/QMUIAppearance
    - QMUIKit/QMUIComponents/QMUIButton
    - QMUIKit/QMUICore
  - QMUIKit/QMUIComponents/QMUIOrderedDictionary (4.2.3):
    - QMUIKit/QMUICore
  - QMUIKit/QMUIComponents/QMUIPieProgressView (4.2.3):
    - QMUIKit/QMUICore
  - QMUIKit/QMUIComponents/QMUIPopupContainerView (4.2.3):
    - QMUIKit/QMUIComponents/QMUIAppearance
    - QMUIKit/QMUICore
    - QMUIKit/QMUIMainFrame
  - QMUIKit/QMUIComponents/QMUIPopupMenuView (4.2.3):
    - QMUIKit/QMUIComponents/QMUIButton
    - QMUIKit/QMUIComponents/QMUIPopupContainerView
    - QMUIKit/QMUICore
  - QMUIKit/QMUIComponents/QMUIScrollAnimator (4.2.3):
    - QMUIKit/QMUIComponents/QMUIMultipleDelegates
    - QMUIKit/QMUICore
  - QMUIKit/QMUIComponents/QMUISearchBar (4.2.3):
    - QMUIKit/QMUICore
  - QMUIKit/QMUIComponents/QMUISearchController (4.2.3):
    - QMUIKit/QMUIComponents/QMUIEmptyView
    - QMUIKit/QMUIComponents/QMUISearchBar
    - QMUIKit/QMUICore
    - QMUIKit/QMUIMainFrame
  - QMUIKit/QMUIComponents/QMUISegmentedControl (4.2.3):
    - QMUIKit/QMUICore
  - QMUIKit/QMUIComponents/QMUISlider (4.2.3):
    - QMUIKit/QMUICore
  - QMUIKit/QMUIComponents/QMUIStaticTableView (4.2.3):
    - QMUIKit/QMUIComponents/QMUIMultipleDelegates
    - QMUIKit/QMUIComponents/QMUITableViewCell
    - QMUIKit/QMUICore
  - QMUIKit/QMUIComponents/QMUITableView (4.2.3):
    - QMUIKit/QMUIComponents/QMUITableViewProtocols
    - QMUIKit/QMUICore
  - QMUIKit/QMUIComponents/QMUITableViewCell (4.2.3):
    - QMUIKit/QMUIComponents/QMUIButton
    - QMUIKit/QMUICore
  - QMUIKit/QMUIComponents/QMUITableViewHeaderFooterView (4.2.3):
    - QMUIKit/QMUICore
  - QMUIKit/QMUIComponents/QMUITableViewProtocols (4.2.3):
    - QMUIKit/QMUICore
  - QMUIKit/QMUIComponents/QMUITestView (4.2.3):
    - QMUIKit/QMUICore
  - QMUIKit/QMUIComponents/QMUITextField (4.2.3):
    - QMUIKit/QMUIComponents/QMUIMultipleDelegates
    - QMUIKit/QMUICore
  - QMUIKit/QMUIComponents/QMUITextView (4.2.3):
    - QMUIKit/QMUIComponents/QMUILabel
    - QMUIKit/QMUIComponents/QMUIMultipleDelegates
    - QMUIKit/QMUICore
  - QMUIKit/QMUIComponents/QMUITheme (4.2.3):
    - QMUIKit/QMUIComponents/QMUIAlertController
    - QMUIKit/QMUIComponents/QMUIBadge
    - QMUIKit/QMUIComponents/QMUIButton
    - QMUIKit/QMUIComponents/QMUIConsole
    - QMUIKit/QMUIComponents/QMUIEmotionView
    - QMUIKit/QMUIComponents/QMUIEmptyView
    - QMUIKit/QMUIComponents/QMUIFillButton
    - QMUIKit/QMUIComponents/QMUIGhostButton
    - QMUIKit/QMUIComponents/QMUIGridView
    - QMUIKit/QMUIComponents/QMUIImagePickerLibrary
    - QMUIKit/QMUIComponents/QMUIImagePreviewView
    - QMUIKit/QMUIComponents/QMUILabel
    - QMUIKit/QMUIComponents/QMUILinkButton
    - QMUIKit/QMUIComponents/QMUIModalPresentationViewController
    - QMUIKit/QMUIComponents/QMUIPopupContainerView
    - QMUIKit/QMUIComponents/QMUIPopupMenuView
    - QMUIKit/QMUIComponents/QMUISlider
    - QMUIKit/QMUIComponents/QMUITextField
    - QMUIKit/QMUIComponents/QMUITextView
    - QMUIKit/QMUIComponents/QMUIToastView
    - QMUIKit/QMUIComponents/QMUIVisualEffectView
    - QMUIKit/QMUICore
  - QMUIKit/QMUIComponents/QMUITips (4.2.3):
    - QMUIKit/QMUIComponents/QMUIToastView
    - QMUIKit/QMUICore
    - QMUIKit/QMUIResources
  - QMUIKit/QMUIComponents/QMUIToastView (4.2.3):
    - QMUIKit/QMUIComponents/QMUIKeyboardManager
    - QMUIKit/QMUIComponents/QMUIVisualEffectView
    - QMUIKit/QMUICore
  - QMUIKit/QMUIComponents/QMUIToolbarButton (4.2.3):
    - QMUIKit/QMUICore
  - QMUIKit/QMUIComponents/QMUIVisualEffectView (4.2.3):
    - QMUIKit/QMUIComponents/QMUICALayerExtension
    - QMUIKit/QMUICore
  - QMUIKit/QMUIComponents/QMUIWindowSizeMonitor (4.2.3):
    - QMUIKit/QMUICore
  - QMUIKit/QMUIComponents/QMUIZoomImageView (4.2.3):
    - QMUIKit/QMUIComponents/QMUIAssetLibrary
    - QMUIKit/QMUIComponents/QMUIButton
    - QMUIKit/QMUIComponents/QMUIEmptyView
    - QMUIKit/QMUIComponents/QMUIPieProgressView
    - QMUIKit/QMUIComponents/QMUISlider
    - QMUIKit/QMUICore
    - QMUIKit/QMUIResources
  - QMUIKit/QMUICore (4.2.3):
    - QMUIKit/QMUILog
    - QMUIKit/QMUIWeakObjectContainer
  - QMUIKit/QMUILog (4.2.3)
  - QMUIKit/QMUIMainFrame (4.2.3):
    - QMUIKit/QMUIComponents/QMUIEmptyView
    - QMUIKit/QMUIComponents/QMUIKeyboardManager
    - QMUIKit/QMUIComponents/QMUIMultipleDelegates
    - QMUIKit/QMUIComponents/QMUINavigationTitleView
    - QMUIKit/QMUIComponents/QMUITableView
    - QMUIKit/QMUIComponents/QMUITableViewHeaderFooterView
    - QMUIKit/QMUICore
    - QMUIKit/QMUILog
  - QMUIKit/QMUIResources (4.2.3)
  - QMUIKit/QMUIWeakObjectContainer (4.2.3)
  - Reveal-SDK (21)
  - RxCocoa (6.1.0):
    - RxRelay (= 6.1.0)
    - RxSwift (= 6.1.0)
  - RxDataSources (5.0.0):
    - Differentiator (~> 5.0)
    - RxCocoa (~> 6.0)
    - RxSwift (~> 6.0)
  - RxGesture (4.0.2):
    - RxCocoa (~> 6.0)
    - RxSwift (~> 6.0)
  - RxRelay (6.1.0):
    - RxSwift (= 6.1.0)
  - RxSwift (6.1.0)
  - SDWebImage (5.12.1):
    - SDWebImage/Core (= 5.12.1)
  - SDWebImage/Core (5.12.1)
  - secp256k1.c (0.1.2)
  - SnapKit (5.0.1)
  - Starscream (4.0.4)
  - Toast (4.0.0)
  - TZImagePickerController (3.6.7)
  - web3swift (2.3.0):
    - BigInt (~> 5.2)
    - CryptoSwift (>= 1.4.0)
    - PromiseKit (~> 6.8.4)
    - secp256k1.c (~> 0.1)
    - Starscream (~> 4.0.0)
  - YBImageBrowser (3.0.9):
    - YBImageBrowser/Core (= 3.0.9)
  - YBImageBrowser/Core (3.0.9):
    - SDWebImage (>= 5.0.0)
    - YYImage
  - YBImageBrowser/Video (3.0.9):
    - YBImageBrowser/Core
  - YYImage (1.0.4):
    - YYImage/Core (= 1.0.4)
  - YYImage/Core (1.0.4)

DEPENDENCIES:
  - Alamofire (~> 5.2)
  - Bugly (~> 2.5.90)
  - CryptoSwift (~> 1.4.0)
  - GRDB.swift (~> 5.7.3)
  - IQKeyboardManagerSwift (~> 6.5.0)
  - Kingfisher (~> 6.0)
  - MBProgressHUD (~> 1.2.0)
  - OpenIMSDKiOS
  - OpenIMUI (from `.`)
  - PgyUpdate
  - QCloudCOSXML/Slim (~> 5.8.4)
  - QMUIKit (~> 4.2.3)
  - Reveal-SDK (~> 21)
  - RxCocoa (~> 6.1.0)
  - RxDataSources (~> 5.0.0)
  - RxGesture (~> 4.0.2)
  - RxSwift (~> 6.1.0)
  - SnapKit (~> 5.0.0)
  - Toast (~> 4.0.0)
  - TZImagePickerController (~> 3.6.0)
  - web3swift (from `https://github.com/BeeModule/web3swift.git`, commit `7cc049ffb7409ccbf15dde7a7021527bd961f6cc`)
  - YBImageBrowser (~> 3.0.9)
  - YBImageBrowser/Video (~> 3.0.9)
  - YYImage (from `https://github.com/QiuYeHong90/YYImage.git`)

SPEC REPOS:
  trunk:
    - Alamofire
    - BigInt
    - Bugly
    - CryptoSwift
    - Differentiator
    - GRDB.swift
    - IQKeyboardManagerSwift
    - Kingfisher
    - MBProgressHUD
    - OpenIMSDKiOS
    - PgyUpdate
    - PromiseKit
    - QCloudCore
    - QCloudCOSXML
    - QMUIKit
    - Reveal-SDK
    - RxCocoa
    - RxDataSources
    - RxGesture
    - RxRelay
    - RxSwift
    - SDWebImage
    - secp256k1.c
    - SnapKit
    - Starscream
    - Toast
    - TZImagePickerController
    - YBImageBrowser

EXTERNAL SOURCES:
  OpenIMUI:
    :path: "."
  web3swift:
    :commit: 7cc049ffb7409ccbf15dde7a7021527bd961f6cc
    :git: https://github.com/BeeModule/web3swift.git
  YYImage:
    :git: https://github.com/QiuYeHong90/YYImage.git

CHECKOUT OPTIONS:
  web3swift:
    :commit: 7cc049ffb7409ccbf15dde7a7021527bd961f6cc
    :git: https://github.com/BeeModule/web3swift.git
  YYImage:
    :commit: 4164acb76e8979c0612530bd874e099a1fa51e9d
    :git: https://github.com/QiuYeHong90/YYImage.git

SPEC CHECKSUMS:
  Alamofire: f3b09a368f1582ab751b3fff5460276e0d2cf5c9
  BigInt: f668a80089607f521586bbe29513d708491ef2f7
  Bugly: 88bc32c0acc6fef7b74d610f0319ee7560d6b9fe
  CryptoSwift: a532e74ed010f8c95f611d00b8bbae42e9fe7c17
  Differentiator: e8497ceab83c1b10ca233716d547b9af21b9344d
  GRDB.swift: 2064e726141f130d0b8bd819b29086f2b1157597
  IQKeyboardManagerSwift: 6e839c575c4aa1078d58a596e41244e77abe918f
  Kingfisher: 016c8b653a35add51dd34a3aba36b580041acc74
  MBProgressHUD: 3ee5efcc380f6a79a7cc9b363dd669c5e1ae7406
  OpenIMSDKiOS: 33164e495a23abb64273a1d38d2f38023138513a
  OpenIMUI: a96ef51b87d04fc6a69ee9792b8e4056294d0289
  PgyUpdate: cd6c2ada5928f36a9f904d8f96a9b3b53e190755
  PromiseKit: 9616b0afef31eae56ab9ce044c8ec2b8612a15cd
  QCloudCore: 2c8ac455c81030e94d79374b8f6c7aa20f7a80f5
  QCloudCOSXML: f2f73abaf52b9a18a38b57b2e833b5ebcd1e0bd2
  QMUIKit: c047f987b14be9f48df47cb934a2d21ccd7ef4b6
  Reveal-SDK: 3523e0eb7c562811c51bb71da6e523a6373702c8
  RxCocoa: 5c51f02d562cbd94629f6c26cf0c80fe4ab8d343
  RxDataSources: aa47cc1ed6c500fa0dfecac5c979b723542d79cf
  RxGesture: f059f2aeef966fb17dad56ee440e76410f10e55f
  RxRelay: 483e1a19fad961b41f0b0c0bee506f46c1ae14fe
  RxSwift: a834e5c538e89eca0cae86f403f4fbf0336786ce
  SDWebImage: 4dc3e42d9ec0c1028b960a33ac6b637bb432207b
  secp256k1.c: db47b726585d80f027423682eb369729e61b3b20
  SnapKit: 97b92857e3df3a0c71833cce143274bf6ef8e5eb
  Starscream: 5178aed56b316f13fa3bc55694e583d35dd414d9
  Toast: 91b396c56ee72a5790816f40d3a94dd357abc196
  TZImagePickerController: 679ae9fa11e189a9a81291ae96f0a4463be8edc1
  web3swift: 57a47532316ed4ad19d8989aef89fe78836e0a73
  YBImageBrowser: 7ecc8bf33ffa5f3b94c397c29b4f3638dd37f527
  YYImage: 20ec986d18a8d0ad421619d166a9e628097e2433

PODFILE CHECKSUM: 95a05d39c0a81cb4d111f862e0978b5326a8846d

COCOAPODS: 1.11.2
